
Microsoft Visual Studio Solution File, Format Version 12.00
# Visual Studio Version 17
VisualStudioVersion = 17.0.31903.59
MinimumVisualStudioVersion = 10.0.40219.1
Project("{FAE04EC0-301F-11D3-BF4B-00C04F79EFBC}") = "AdventOfCode2023", "AdventOfCode2023\AdventOfCode2023.csproj", "{1BCAAAC8-E806-4B16-8563-F92CC81DFDFC}"
EndProject
Global
	GlobalSection(SolutionConfigurationPlatforms) = preSolution
		Debug|Any CPU = Debug|Any CPU
		Release|Any CPU = Release|Any CPU
	EndGlobalSection
	GlobalSection(SolutionProperties) = preSolution
		HideSolutionNode = FALSE
	EndGlobalSection
	GlobalSection(ProjectConfigurationPlatforms) = postSolution
		{1BCAAAC8-E806-4B16-8563-F92CC81DFDFC}.Debug|Any CPU.ActiveCfg = Debug|Any CPU
		{1BCAAAC8-E806-4B16-8563-F92CC81DFDFC}.Debug|Any CPU.Build.0 = Debug|Any CPU
		{1BCAAAC8-E806-4B16-8563-F92CC81DFDFC}.Release|Any CPU.ActiveCfg = Release|Any CPU
		{1BCAAAC8-E806-4B16-8563-F92CC81DFDFC}.Release|Any CPU.Build.0 = Release|Any CPU
	EndGlobalSection
EndGlobal
